
Microsoft Visual Studio Solution File, Format Version 12.00
# Visual Studio 15
VisualStudioVersion = 15.0.26730.16
MinimumVisualStudioVersion = 10.0.40219.1
Project("{FAE04EC0-301F-11D3-BF4B-00C04F79EFBC}") = "AshV.BulkSolutionExporter.Core", "AshV.BulkSolutionExporter.Core\AshV.BulkSolutionExporter.Core.csproj", "{C116B444-115D-4589-BD0B-55EEB00B02D2}"
EndProject
Global
	GlobalSection(SolutionConfigurationPlatforms) = preSolution
		Debug|Any CPU = Debug|Any CPU
		Release|Any CPU = Release|Any CPU
	EndGlobalSection
	GlobalSection(ProjectConfigurationPlatforms) = postSolution
		{C116B444-115D-4589-BD0B-55EEB00B02D2}.Debug|Any CPU.ActiveCfg = Debug|Any CPU
		{C116B444-115D-4589-BD0B-55EEB00B02D2}.Debug|Any CPU.Build.0 = Debug|Any CPU
		{C116B444-115D-4589-BD0B-55EEB00B02D2}.Release|Any CPU.ActiveCfg = Release|Any CPU
		{C116B444-115D-4589-BD0B-55EEB00B02D2}.Release|Any CPU.Build.0 = Release|Any CPU
	EndGlobalSection
	GlobalSection(SolutionProperties) = preSolution
		HideSolutionNode = FALSE
	EndGlobalSection
	GlobalSection(ExtensibilityGlobals) = postSolution
		SolutionGuid = {A11E1F64-876D-41BA-BE0E-D6ED9C484B64}
	EndGlobalSection
EndGlobal
